// !$*UTF8*$!
{
	archiveVersion = 1;
	classes = {
	};
	objectVersion = 50;
	objects = {

/* Begin PBXBuildFile section */
		101676D221900F4E0050E41C /* UIbarButtonItem+Badge.swift in Sources */ = {isa = PBXBuildFile; fileRef = 101676D121900F4E0050E41C /* UIbarButtonItem+Badge.swift */; };
		101676D4219010760050E41C /* BadgeViewController.swift in Sources */ = {isa = PBXBuildFile; fileRef = 101676D3219010760050E41C /* BadgeViewController.swift */; };
		101D11032186DC030041427B /* EasyBannerViewController.swift in Sources */ = {isa = PBXBuildFile; fileRef = 101D11022186DC030041427B /* EasyBannerViewController.swift */; };
		101D11062186DD7B0041427B /* Extension+UIView.swift in Sources */ = {isa = PBXBuildFile; fileRef = 101D11052186DD7B0041427B /* Extension+UIView.swift */; };
		101D11082186DF880041427B /* EasyBannerTableViewCell.swift in Sources */ = {isa = PBXBuildFile; fileRef = 101D11072186DF880041427B /* EasyBannerTableViewCell.swift */; };
		101D110B2186E9800041427B /* EasyBannerCollectionViewCell.swift in Sources */ = {isa = PBXBuildFile; fileRef = 101D110A2186E9800041427B /* EasyBannerCollectionViewCell.swift */; };
		10311B89218C1913006024D3 /* BannerViewController.swift in Sources */ = {isa = PBXBuildFile; fileRef = 10311B88218C1913006024D3 /* BannerViewController.swift */; };
		10311B8B218C1957006024D3 /* BannerView.swift in Sources */ = {isa = PBXBuildFile; fileRef = 10311B8A218C1957006024D3 /* BannerView.swift */; };
		1059FA16217EB58900CB90B9 /* AppDelegate.swift in Sources */ = {isa = PBXBuildFile; fileRef = 1059FA15217EB58900CB90B9 /* AppDelegate.swift */; };
		1059FA18217EB58900CB90B9 /* ViewController.swift in Sources */ = {isa = PBXBuildFile; fileRef = 1059FA17217EB58900CB90B9 /* ViewController.swift */; };
		1059FA1B217EB58900CB90B9 /* Main.storyboard in Resources */ = {isa = PBXBuildFile; fileRef = 1059FA19217EB58900CB90B9 /* Main.storyboard */; };
		1059FA1D217EB58A00CB90B9 /* Assets.xcassets in Resources */ = {isa = PBXBuildFile; fileRef = 1059FA1C217EB58A00CB90B9 /* Assets.xcassets */; };
		1059FA20217EB58A00CB90B9 /* LaunchScreen.storyboard in Resources */ = {isa = PBXBuildFile; fileRef = 1059FA1E217EB58A00CB90B9 /* LaunchScreen.storyboard */; };
		106B0C0121941774007D9B34 /* CircleView.swift in Sources */ = {isa = PBXBuildFile; fileRef = 106B0C0021941774007D9B34 /* CircleView.swift */; };
		106B0C03219417C9007D9B34 /* DrawCircleViewController.swift in Sources */ = {isa = PBXBuildFile; fileRef = 106B0C02219417C9007D9B34 /* DrawCircleViewController.swift */; };
		106B0C1E219425CA007D9B34 /* HLQRCodeSDK.framework in Frameworks */ = {isa = PBXBuildFile; fileRef = 106B0C1821942516007D9B34 /* HLQRCodeSDK.framework */; };
		106B0C1F219425CA007D9B34 /* HLQRCodeSDK.framework in Embed Frameworks */ = {isa = PBXBuildFile; fileRef = 106B0C1821942516007D9B34 /* HLQRCodeSDK.framework */; settings = {ATTRIBUTES = (CodeSignOnCopy, RemoveHeadersOnCopy, ); }; };
		106B0C23219425CE007D9B34 /* HLLog.framework in Frameworks */ = {isa = PBXBuildFile; fileRef = 106B0C1121942503007D9B34 /* HLLog.framework */; };
		106B0C24219425CE007D9B34 /* HLLog.framework in Embed Frameworks */ = {isa = PBXBuildFile; fileRef = 106B0C1121942503007D9B34 /* HLLog.framework */; settings = {ATTRIBUTES = (CodeSignOnCopy, RemoveHeadersOnCopy, ); }; };
		107AE8412182C8930048A64E /* KeychainViewController.swift in Sources */ = {isa = PBXBuildFile; fileRef = 107AE8402182C8930048A64E /* KeychainViewController.swift */; };
		107AE8472183148A0048A64E /* MainViewController.swift in Sources */ = {isa = PBXBuildFile; fileRef = 107AE8462183148A0048A64E /* MainViewController.swift */; };
		107AE84D2183182E0048A64E /* MainTableViewCell.swift in Sources */ = {isa = PBXBuildFile; fileRef = 107AE84C2183182E0048A64E /* MainTableViewCell.swift */; };
/* End PBXBuildFile section */

/* Begin PBXContainerItemProxy section */
		106B0C1021942503007D9B34 /* PBXContainerItemProxy */ = {
			isa = PBXContainerItemProxy;
			containerPortal = 106B0C0B21942502007D9B34 /* HLLog.xcodeproj */;
			proxyType = 2;
			remoteGlobalIDString = 10CDD945218067E700D7C940;
			remoteInfo = HLLog;
		};
		106B0C1721942516007D9B34 /* PBXContainerItemProxy */ = {
			isa = PBXContainerItemProxy;
			containerPortal = 106B0C1221942516007D9B34 /* HLQRCodeSDK.xcodeproj */;
			proxyType = 2;
			remoteGlobalIDString = 10CDD8DD218017EE00D7C940;
			remoteInfo = HLQRCodeSDK;
		};
		106B0C20219425CA007D9B34 /* PBXContainerItemProxy */ = {
			isa = PBXContainerItemProxy;
			containerPortal = 106B0C1221942516007D9B34 /* HLQRCodeSDK.xcodeproj */;
			proxyType = 1;
			remoteGlobalIDString = 10CDD8DC218017EE00D7C940;
			remoteInfo = HLQRCodeSDK;
		};
		106B0C25219425CE007D9B34 /* PBXContainerItemProxy */ = {
			isa = PBXContainerItemProxy;
			containerPortal = 106B0C0B21942502007D9B34 /* HLLog.xcodeproj */;
			proxyType = 1;
			remoteGlobalIDString = 10CDD944218067E700D7C940;
			remoteInfo = HLLog;
		};
/* End PBXContainerItemProxy section */

/* Begin PBXCopyFilesBuildPhase section */
		106B0C22219425CB007D9B34 /* Embed Frameworks */ = {
			isa = PBXCopyFilesBuildPhase;
			buildActionMask = 2147483647;
			dstPath = "";
			dstSubfolderSpec = 10;
			files = (
				106B0C1F219425CA007D9B34 /* HLQRCodeSDK.framework in Embed Frameworks */,
				106B0C24219425CE007D9B34 /* HLLog.framework in Embed Frameworks */,
			);
			name = "Embed Frameworks";
			runOnlyForDeploymentPostprocessing = 0;
		};
/* End PBXCopyFilesBuildPhase section */

/* Begin PBXFileReference section */
		101676D121900F4E0050E41C /* UIbarButtonItem+Badge.swift */ = {isa = PBXFileReference; lastKnownFileType = sourcecode.swift; path = "UIbarButtonItem+Badge.swift"; sourceTree = "<group>"; };
		101676D3219010760050E41C /* BadgeViewController.swift */ = {isa = PBXFileReference; lastKnownFileType = sourcecode.swift; path = BadgeViewController.swift; sourceTree = "<group>"; };
		101D10FF2186D8DE0041427B /* iOS-Features.entitlements */ = {isa = PBXFileReference; lastKnownFileType = text.plist.entitlements; path = "iOS-Features.entitlements"; sourceTree = "<group>"; };
		101D11022186DC030041427B /* EasyBannerViewController.swift */ = {isa = PBXFileReference; lastKnownFileType = sourcecode.swift; path = EasyBannerViewController.swift; sourceTree = "<group>"; };
		101D11052186DD7B0041427B /* Extension+UIView.swift */ = {isa = PBXFileReference; lastKnownFileType = sourcecode.swift; path = "Extension+UIView.swift"; sourceTree = "<group>"; };
		101D11072186DF880041427B /* EasyBannerTableViewCell.swift */ = {isa = PBXFileReference; lastKnownFileType = sourcecode.swift; path = EasyBannerTableViewCell.swift; sourceTree = "<group>"; };
		101D110A2186E9800041427B /* EasyBannerCollectionViewCell.swift */ = {isa = PBXFileReference; lastKnownFileType = sourcecode.swift; path = EasyBannerCollectionViewCell.swift; sourceTree = "<group>"; };
		10311B88218C1913006024D3 /* BannerViewController.swift */ = {isa = PBXFileReference; lastKnownFileType = sourcecode.swift; path = BannerViewController.swift; sourceTree = "<group>"; };
		10311B8A218C1957006024D3 /* BannerView.swift */ = {isa = PBXFileReference; lastKnownFileType = sourcecode.swift; path = BannerView.swift; sourceTree = "<group>"; };
		1059FA12217EB58900CB90B9 /* iOS-Features.app */ = {isa = PBXFileReference; explicitFileType = wrapper.application; includeInIndex = 0; path = "iOS-Features.app"; sourceTree = BUILT_PRODUCTS_DIR; };
		1059FA15217EB58900CB90B9 /* AppDelegate.swift */ = {isa = PBXFileReference; lastKnownFileType = sourcecode.swift; path = AppDelegate.swift; sourceTree = "<group>"; };
		1059FA17217EB58900CB90B9 /* ViewController.swift */ = {isa = PBXFileReference; lastKnownFileType = sourcecode.swift; path = ViewController.swift; sourceTree = "<group>"; };
		1059FA1A217EB58900CB90B9 /* Base */ = {isa = PBXFileReference; lastKnownFileType = file.storyboard; name = Base; path = Base.lproj/Main.storyboard; sourceTree = "<group>"; };
		1059FA1C217EB58A00CB90B9 /* Assets.xcassets */ = {isa = PBXFileReference; lastKnownFileType = folder.assetcatalog; path = Assets.xcassets; sourceTree = "<group>"; };
		1059FA1F217EB58A00CB90B9 /* Base */ = {isa = PBXFileReference; lastKnownFileType = file.storyboard; name = Base; path = Base.lproj/LaunchScreen.storyboard; sourceTree = "<group>"; };
		1059FA21217EB58A00CB90B9 /* Info.plist */ = {isa = PBXFileReference; lastKnownFileType = text.plist.xml; path = Info.plist; sourceTree = "<group>"; };
		106B0C0021941774007D9B34 /* CircleView.swift */ = {isa = PBXFileReference; lastKnownFileType = sourcecode.swift; path = CircleView.swift; sourceTree = "<group>"; };
		106B0C02219417C9007D9B34 /* DrawCircleViewController.swift */ = {isa = PBXFileReference; lastKnownFileType = sourcecode.swift; path = DrawCircleViewController.swift; sourceTree = "<group>"; };
		106B0C0B21942502007D9B34 /* HLLog.xcodeproj */ = {isa = PBXFileReference; lastKnownFileType = "wrapper.pb-project"; name = HLLog.xcodeproj; path = HLLog/HLLog.xcodeproj; sourceTree = "<group>"; };
		106B0C1221942516007D9B34 /* HLQRCodeSDK.xcodeproj */ = {isa = PBXFileReference; lastKnownFileType = "wrapper.pb-project"; name = HLQRCodeSDK.xcodeproj; path = HLQRCodeSDK/HLQRCodeSDK.xcodeproj; sourceTree = "<group>"; };
		107AE8402182C8930048A64E /* KeychainViewController.swift */ = {isa = PBXFileReference; lastKnownFileType = sourcecode.swift; path = KeychainViewController.swift; sourceTree = "<group>"; };
		107AE8462183148A0048A64E /* MainViewController.swift */ = {isa = PBXFileReference; lastKnownFileType = sourcecode.swift; path = MainViewController.swift; sourceTree = "<group>"; };
		107AE84C2183182E0048A64E /* MainTableViewCell.swift */ = {isa = PBXFileReference; lastKnownFileType = sourcecode.swift; path = MainTableViewCell.swift; sourceTree = "<group>"; };
/* End PBXFileReference section */

/* Begin PBXFrameworksBuildPhase section */
		1059FA0F217EB58900CB90B9 /* Frameworks */ = {
			isa = PBXFrameworksBuildPhase;
			buildActionMask = 2147483647;
			files = (
				106B0C1E219425CA007D9B34 /* HLQRCodeSDK.framework in Frameworks */,
				106B0C23219425CE007D9B34 /* HLLog.framework in Frameworks */,
			);
			runOnlyForDeploymentPostprocessing = 0;
		};
/* End PBXFrameworksBuildPhase section */

/* Begin PBXGroup section */
		101676D021900F200050E41C /* Badge */ = {
			isa = PBXGroup;
			children = (
				101676D3219010760050E41C /* BadgeViewController.swift */,
				101676D121900F4E0050E41C /* UIbarButtonItem+Badge.swift */,
			);
			name = Badge;
			sourceTree = "<group>";
		};
		101D11012186DB8D0041427B /* EasyBanner */ = {
			isa = PBXGroup;
			children = (
				101D11022186DC030041427B /* EasyBannerViewController.swift */,
				101D11092186E9520041427B /* Cell */,
				101D11042186DC310041427B /* Utils */,
			);
			name = EasyBanner;
			sourceTree = "<group>";
		};
		101D11042186DC310041427B /* Utils */ = {
			isa = PBXGroup;
			children = (
				101D11052186DD7B0041427B /* Extension+UIView.swift */,
			);
			path = Utils;
			sourceTree = "<group>";
		};
		101D11092186E9520041427B /* Cell */ = {
			isa = PBXGroup;
			children = (
				101D11072186DF880041427B /* EasyBannerTableViewCell.swift */,
				101D110A2186E9800041427B /* EasyBannerCollectionViewCell.swift */,
			);
			name = Cell;
			sourceTree = "<group>";
		};
		10311B87218C18DD006024D3 /* Banner */ = {
			isa = PBXGroup;
			children = (
				10311B88218C1913006024D3 /* BannerViewController.swift */,
				10311B8A218C1957006024D3 /* BannerView.swift */,
			);
			path = Banner;
			sourceTree = "<group>";
		};
		1059FA09217EB58900CB90B9 = {
			isa = PBXGroup;
			children = (
				106B0C1221942516007D9B34 /* HLQRCodeSDK.xcodeproj */,
				106B0C0B21942502007D9B34 /* HLLog.xcodeproj */,
				1059FA14217EB58900CB90B9 /* iOS-Features */,
				1059FA13217EB58900CB90B9 /* Products */,
			);
			sourceTree = "<group>";
		};
		1059FA13217EB58900CB90B9 /* Products */ = {
			isa = PBXGroup;
			children = (
				1059FA12217EB58900CB90B9 /* iOS-Features.app */,
			);
			name = Products;
			sourceTree = "<group>";
		};
		1059FA14217EB58900CB90B9 /* iOS-Features */ = {
			isa = PBXGroup;
			children = (
				107AE84A218317FD0048A64E /* Main */,
				10311B87218C18DD006024D3 /* Banner */,
				101D11012186DB8D0041427B /* EasyBanner */,
				107AE848218317800048A64E /* QRCode */,
				107AE83F2182C87D0048A64E /* Keychain */,
				101676D021900F200050E41C /* Badge */,
				106B0BFF21941746007D9B34 /* DrawCircle */,
				107AE849218317960048A64E /* SupportingFile */,
			);
			path = "iOS-Features";
			sourceTree = "<group>";
		};
		106B0BFF21941746007D9B34 /* DrawCircle */ = {
			isa = PBXGroup;
			children = (
				106B0C02219417C9007D9B34 /* DrawCircleViewController.swift */,
				106B0C0021941774007D9B34 /* CircleView.swift */,
			);
			path = DrawCircle;
			sourceTree = "<group>";
		};
		106B0C0C21942502007D9B34 /* Products */ = {
			isa = PBXGroup;
			children = (
				106B0C1121942503007D9B34 /* HLLog.framework */,
			);
			name = Products;
			sourceTree = "<group>";
		};
		106B0C1321942516007D9B34 /* Products */ = {
			isa = PBXGroup;
			children = (
				106B0C1821942516007D9B34 /* HLQRCodeSDK.framework */,
			);
			name = Products;
			sourceTree = "<group>";
		};
		107AE83F2182C87D0048A64E /* Keychain */ = {
			isa = PBXGroup;
			children = (
				107AE8402182C8930048A64E /* KeychainViewController.swift */,
			);
			name = Keychain;
			sourceTree = "<group>";
		};
		107AE848218317800048A64E /* QRCode */ = {
			isa = PBXGroup;
			children = (
				1059FA17217EB58900CB90B9 /* ViewController.swift */,
			);
			path = QRCode;
			sourceTree = "<group>";
		};
		107AE849218317960048A64E /* SupportingFile */ = {
			isa = PBXGroup;
			children = (
				101D10FF2186D8DE0041427B /* iOS-Features.entitlements */,
				1059FA15217EB58900CB90B9 /* AppDelegate.swift */,
				1059FA19217EB58900CB90B9 /* Main.storyboard */,
				1059FA1C217EB58A00CB90B9 /* Assets.xcassets */,
				1059FA1E217EB58A00CB90B9 /* LaunchScreen.storyboard */,
				1059FA21217EB58A00CB90B9 /* Info.plist */,
			);
			name = SupportingFile;
			sourceTree = "<group>";
		};
		107AE84A218317FD0048A64E /* Main */ = {
			isa = PBXGroup;
			children = (
				107AE8462183148A0048A64E /* MainViewController.swift */,
				107AE84B218318140048A64E /* Cell */,
			);
			path = Main;
			sourceTree = "<group>";
		};
		107AE84B218318140048A64E /* Cell */ = {
			isa = PBXGroup;
			children = (
				107AE84C2183182E0048A64E /* MainTableViewCell.swift */,
			);
			name = Cell;
			sourceTree = "<group>";
		};
/* End PBXGroup section */

/* Begin PBXNativeTarget section */
		1059FA11217EB58900CB90B9 /* iOS-Features */ = {
			isa = PBXNativeTarget;
			buildConfigurationList = 1059FA24217EB58A00CB90B9 /* Build configuration list for PBXNativeTarget "iOS-Features" */;
			buildPhases = (
				1059FA0E217EB58900CB90B9 /* Sources */,
				1059FA0F217EB58900CB90B9 /* Frameworks */,
				1059FA10217EB58900CB90B9 /* Resources */,
				106B0C22219425CB007D9B34 /* Embed Frameworks */,
			);
			buildRules = (
			);
			dependencies = (
				106B0C21219425CA007D9B34 /* PBXTargetDependency */,
				106B0C26219425CE007D9B34 /* PBXTargetDependency */,
			);
			name = "iOS-Features";
			productName = QRCodeReader;
			productReference = 1059FA12217EB58900CB90B9 /* iOS-Features.app */;
			productType = "com.apple.product-type.application";
		};
/* End PBXNativeTarget section */

/* Begin PBXProject section */
		1059FA0A217EB58900CB90B9 /* Project object */ = {
			isa = PBXProject;
			attributes = {
				LastSwiftUpdateCheck = 1000;
				LastUpgradeCheck = 1000;
				ORGANIZATIONNAME = zcon;
				TargetAttributes = {
					1059FA11217EB58900CB90B9 = {
						CreatedOnToolsVersion = 10.0;
						SystemCapabilities = {
							com.apple.Keychain = {
								enabled = 1;
							};
						};
					};
				};
			};
			buildConfigurationList = 1059FA0D217EB58900CB90B9 /* Build configuration list for PBXProject "iOS-Features" */;
			compatibilityVersion = "Xcode 9.3";
			developmentRegion = en;
			hasScannedForEncodings = 0;
			knownRegions = (
				en,
				Base,
			);
			mainGroup = 1059FA09217EB58900CB90B9;
			productRefGroup = 1059FA13217EB58900CB90B9 /* Products */;
			projectDirPath = "";
			projectReferences = (
				{
					ProductGroup = 106B0C0C21942502007D9B34 /* Products */;
					ProjectRef = 106B0C0B21942502007D9B34 /* HLLog.xcodeproj */;
				},
				{
					ProductGroup = 106B0C1321942516007D9B34 /* Products */;
					ProjectRef = 106B0C1221942516007D9B34 /* HLQRCodeSDK.xcodeproj */;
				},
			);
			projectRoot = "";
			targets = (
				1059FA11217EB58900CB90B9 /* iOS-Features */,
			);
		};
/* End PBXProject section */

/* Begin PBXReferenceProxy section */
		106B0C1121942503007D9B34 /* HLLog.framework */ = {
			isa = PBXReferenceProxy;
			fileType = wrapper.framework;
			path = HLLog.framework;
			remoteRef = 106B0C1021942503007D9B34 /* PBXContainerItemProxy */;
			sourceTree = BUILT_PRODUCTS_DIR;
		};
		106B0C1821942516007D9B34 /* HLQRCodeSDK.framework */ = {
			isa = PBXReferenceProxy;
			fileType = wrapper.framework;
			path = HLQRCodeSDK.framework;
			remoteRef = 106B0C1721942516007D9B34 /* PBXContainerItemProxy */;
			sourceTree = BUILT_PRODUCTS_DIR;
		};
/* End PBXReferenceProxy section */

/* Begin PBXResourcesBuildPhase section */
		1059FA10217EB58900CB90B9 /* Resources */ = {
			isa = PBXResourcesBuildPhase;
			buildActionMask = 2147483647;
			files = (
				1059FA20217EB58A00CB90B9 /* LaunchScreen.storyboard in Resources */,
				1059FA1D217EB58A00CB90B9 /* Assets.xcassets in Resources */,
				1059FA1B217EB58900CB90B9 /* Main.storyboard in Resources */,
			);
			runOnlyForDeploymentPostprocessing = 0;
		};
/* End PBXResourcesBuildPhase section */

/* Begin PBXSourcesBuildPhase section */
		1059FA0E217EB58900CB90B9 /* Sources */ = {
			isa = PBXSourcesBuildPhase;
			buildActionMask = 2147483647;
			files = (
				10311B89218C1913006024D3 /* BannerViewController.swift in Sources */,
				101D110B2186E9800041427B /* EasyBannerCollectionViewCell.swift in Sources */,
				101D11062186DD7B0041427B /* Extension+UIView.swift in Sources */,
				101D11032186DC030041427B /* EasyBannerViewController.swift in Sources */,
				1059FA18217EB58900CB90B9 /* ViewController.swift in Sources */,
				101D11082186DF880041427B /* EasyBannerTableViewCell.swift in Sources */,
				107AE8412182C8930048A64E /* KeychainViewController.swift in Sources */,
				101676D4219010760050E41C /* BadgeViewController.swift in Sources */,
				1059FA16217EB58900CB90B9 /* AppDelegate.swift in Sources */,
				10311B8B218C1957006024D3 /* BannerView.swift in Sources */,
				107AE8472183148A0048A64E /* MainViewController.swift in Sources */,
				106B0C03219417C9007D9B34 /* DrawCircleViewController.swift in Sources */,
				101676D221900F4E0050E41C /* UIbarButtonItem+Badge.swift in Sources */,
				106B0C0121941774007D9B34 /* CircleView.swift in Sources */,
				107AE84D2183182E0048A64E /* MainTableViewCell.swift in Sources */,
			);
			runOnlyForDeploymentPostprocessing = 0;
		};
/* End PBXSourcesBuildPhase section */

/* Begin PBXTargetDependency section */
		106B0C21219425CA007D9B34 /* PBXTargetDependency */ = {
			isa = PBXTargetDependency;
			name = HLQRCodeSDK;
			targetProxy = 106B0C20219425CA007D9B34 /* PBXContainerItemProxy */;
		};
		106B0C26219425CE007D9B34 /* PBXTargetDependency */ = {
			isa = PBXTargetDependency;
			name = HLLog;
			targetProxy = 106B0C25219425CE007D9B34 /* PBXContainerItemProxy */;
		};
/* End PBXTargetDependency section */

/* Begin PBXVariantGroup section */
		1059FA19217EB58900CB90B9 /* Main.storyboard */ = {
			isa = PBXVariantGroup;
			children = (
				1059FA1A217EB58900CB90B9 /* Base */,
			);
			name = Main.storyboard;
			sourceTree = "<group>";
		};
		1059FA1E217EB58A00CB90B9 /* LaunchScreen.storyboard */ = {
			isa = PBXVariantGroup;
			children = (
				1059FA1F217EB58A00CB90B9 /* Base */,
			);
			name = LaunchScreen.storyboard;
			sourceTree = "<group>";
		};
/* End PBXVariantGroup section */

/* Begin XCBuildConfiguration section */
		1059FA22217EB58A00CB90B9 /* Debug */ = {
			isa = XCBuildConfiguration;
			buildSettings = {
				ALWAYS_SEARCH_USER_PATHS = NO;
				CLANG_ANALYZER_NONNULL = YES;
				CLANG_ANALYZER_NUMBER_OBJECT_CONVERSION = YES_AGGRESSIVE;
				CLANG_CXX_LANGUAGE_STANDARD = "gnu++14";
				CLANG_CXX_LIBRARY = "libc++";
				CLANG_ENABLE_MODULES = YES;
				CLANG_ENABLE_OBJC_ARC = YES;
				CLANG_ENABLE_OBJC_WEAK = YES;
				CLANG_WARN_BLOCK_CAPTURE_AUTORELEASING = YES;
				CLANG_WARN_BOOL_CONVERSION = YES;
				CLANG_WARN_COMMA = YES;
				CLANG_WARN_CONSTANT_CONVERSION = YES;
				CLANG_WARN_DEPRECATED_OBJC_IMPLEMENTATIONS = YES;
				CLANG_WARN_DIRECT_OBJC_ISA_USAGE = YES_ERROR;
				CLANG_WARN_DOCUMENTATION_COMMENTS = YES;
				CLANG_WARN_EMPTY_BODY = YES;
				CLANG_WARN_ENUM_CONVERSION = YES;
				CLANG_WARN_INFINITE_RECURSION = YES;
				CLANG_WARN_INT_CONVERSION = YES;
				CLANG_WARN_NON_LITERAL_NULL_CONVERSION = YES;
				CLANG_WARN_OBJC_IMPLICIT_RETAIN_SELF = YES;
				CLANG_WARN_OBJC_LITERAL_CONVERSION = YES;
				CLANG_WARN_OBJC_ROOT_CLASS = YES_ERROR;
				CLANG_WARN_RANGE_LOOP_ANALYSIS = YES;
				CLANG_WARN_STRICT_PROTOTYPES = YES;
				CLANG_WARN_SUSPICIOUS_MOVE = YES;
				CLANG_WARN_UNGUARDED_AVAILABILITY = YES_AGGRESSIVE;
				CLANG_WARN_UNREACHABLE_CODE = YES;
				CLANG_WARN__DUPLICATE_METHOD_MATCH = YES;
				CODE_SIGN_IDENTITY = "iPhone Developer";
				COPY_PHASE_STRIP = NO;
				DEBUG_INFORMATION_FORMAT = dwarf;
				ENABLE_STRICT_OBJC_MSGSEND = YES;
				ENABLE_TESTABILITY = YES;
				GCC_C_LANGUAGE_STANDARD = gnu11;
				GCC_DYNAMIC_NO_PIC = NO;
				GCC_NO_COMMON_BLOCKS = YES;
				GCC_OPTIMIZATION_LEVEL = 0;
				GCC_PREPROCESSOR_DEFINITIONS = (
					"DEBUG=1",
					"$(inherited)",
				);
				GCC_WARN_64_TO_32_BIT_CONVERSION = YES;
				GCC_WARN_ABOUT_RETURN_TYPE = YES_ERROR;
				GCC_WARN_UNDECLARED_SELECTOR = YES;
				GCC_WARN_UNINITIALIZED_AUTOS = YES_AGGRESSIVE;
				GCC_WARN_UNUSED_FUNCTION = YES;
				GCC_WARN_UNUSED_VARIABLE = YES;
				IPHONEOS_DEPLOYMENT_TARGET = 12.0;
				MTL_ENABLE_DEBUG_INFO = INCLUDE_SOURCE;
				MTL_FAST_MATH = YES;
				ONLY_ACTIVE_ARCH = YES;
				SDKROOT = iphoneos;
				SWIFT_ACTIVE_COMPILATION_CONDITIONS = DEBUG;
				SWIFT_OPTIMIZATION_LEVEL = "-Onone";
			};
			name = Debug;
		};
		1059FA23217EB58A00CB90B9 /* Release */ = {
			isa = XCBuildConfiguration;
			buildSettings = {
				ALWAYS_SEARCH_USER_PATHS = NO;
				CLANG_ANALYZER_NONNULL = YES;
				CLANG_ANALYZER_NUMBER_OBJECT_CONVERSION = YES_AGGRESSIVE;
				CLANG_CXX_LANGUAGE_STANDARD = "gnu++14";
				CLANG_CXX_LIBRARY = "libc++";
				CLANG_ENABLE_MODULES = YES;
				CLANG_ENABLE_OBJC_ARC = YES;
				CLANG_ENABLE_OBJC_WEAK = YES;
				CLANG_WARN_BLOCK_CAPTURE_AUTORELEASING = YES;
				CLANG_WARN_BOOL_CONVERSION = YES;
				CLANG_WARN_COMMA = YES;
				CLANG_WARN_CONSTANT_CONVERSION = YES;
				CLANG_WARN_DEPRECATED_OBJC_IMPLEMENTATIONS = YES;
				CLANG_WARN_DIRECT_OBJC_ISA_USAGE = YES_ERROR;
				CLANG_WARN_DOCUMENTATION_COMMENTS = YES;
				CLANG_WARN_EMPTY_BODY = YES;
				CLANG_WARN_ENUM_CONVERSION = YES;
				CLANG_WARN_INFINITE_RECURSION = YES;
				CLANG_WARN_INT_CONVERSION = YES;
				CLANG_WARN_NON_LITERAL_NULL_CONVERSION = YES;
				CLANG_WARN_OBJC_IMPLICIT_RETAIN_SELF = YES;
				CLANG_WARN_OBJC_LITERAL_CONVERSION = YES;
				CLANG_WARN_OBJC_ROOT_CLASS = YES_ERROR;
				CLANG_WARN_RANGE_LOOP_ANALYSIS = YES;
				CLANG_WARN_STRICT_PROTOTYPES = YES;
				CLANG_WARN_SUSPICIOUS_MOVE = YES;
				CLANG_WARN_UNGUARDED_AVAILABILITY = YES_AGGRESSIVE;
				CLANG_WARN_UNREACHABLE_CODE = YES;
				CLANG_WARN__DUPLICATE_METHOD_MATCH = YES;
				CODE_SIGN_IDENTITY = "iPhone Developer";
				COPY_PHASE_STRIP = NO;
				DEBUG_INFORMATION_FORMAT = "dwarf-with-dsym";
				ENABLE_NS_ASSERTIONS = NO;
				ENABLE_STRICT_OBJC_MSGSEND = YES;
				GCC_C_LANGUAGE_STANDARD = gnu11;
				GCC_NO_COMMON_BLOCKS = YES;
				GCC_WARN_64_TO_32_BIT_CONVERSION = YES;
				GCC_WARN_ABOUT_RETURN_TYPE = YES_ERROR;
				GCC_WARN_UNDECLARED_SELECTOR = YES;
				GCC_WARN_UNINITIALIZED_AUTOS = YES_AGGRESSIVE;
				GCC_WARN_UNUSED_FUNCTION = YES;
				GCC_WARN_UNUSED_VARIABLE = YES;
				IPHONEOS_DEPLOYMENT_TARGET = 12.0;
				MTL_ENABLE_DEBUG_INFO = NO;
				MTL_FAST_MATH = YES;
				SDKROOT = iphoneos;
				SWIFT_COMPILATION_MODE = wholemodule;
				SWIFT_OPTIMIZATION_LEVEL = "-O";
				VALIDATE_PRODUCT = YES;
			};
			name = Release;
		};
		1059FA25217EB58A00CB90B9 /* Debug */ = {
			isa = XCBuildConfiguration;
			buildSettings = {
				ALWAYS_EMBED_SWIFT_STANDARD_LIBRARIES = YES;
				ASSETCATALOG_COMPILER_APPICON_NAME = AppIcon;
				CODE_SIGN_ENTITLEMENTS = "iOS-Features/iOS-Features.entitlements";
				CODE_SIGN_STYLE = Automatic;
				DEVELOPMENT_TEAM = 2FFS45S3SA;
				FRAMEWORK_SEARCH_PATHS = (
					"$(inherited)",
					"$(PROJECT_DIR)",
				);
				INFOPLIST_FILE = "$(SRCROOT)/iOS-Features/Info.plist";
				LD_RUNPATH_SEARCH_PATHS = (
					"$(inherited)",
					"@executable_path/Frameworks",
				);
				OTHER_SWIFT_FLAGS = "-DDEBUG";
				PRODUCT_BUNDLE_IDENTIFIER = "com.liang.iOS-Features";
				PRODUCT_NAME = "$(TARGET_NAME)";
				SWIFT_VERSION = 4.2;
				TARGETED_DEVICE_FAMILY = "1,2";
			};
			name = Debug;
		};
		1059FA26217EB58A00CB90B9 /* Release */ = {
			isa = XCBuildConfiguration;
			buildSettings = {
				ALWAYS_EMBED_SWIFT_STANDARD_LIBRARIES = YES;
				ASSETCATALOG_COMPILER_APPICON_NAME = AppIcon;
				CODE_SIGN_ENTITLEMENTS = "iOS-Features/iOS-Features.entitlements";
				CODE_SIGN_STYLE = Automatic;
				DEVELOPMENT_TEAM = 2FFS45S3SA;
				FRAMEWORK_SEARCH_PATHS = (
					"$(inherited)",
					"$(PROJECT_DIR)",
				);
				INFOPLIST_FILE = "$(SRCROOT)/iOS-Features/Info.plist";
				LD_RUNPATH_SEARCH_PATHS = (
					"$(inherited)",
					"@executable_path/Frameworks",
				);
				OTHER_SWIFT_FLAGS = "-DRELEASE";
				PRODUCT_BUNDLE_IDENTIFIER = "com.liang.iOS-Features";
				PRODUCT_NAME = "$(TARGET_NAME)";
				SWIFT_VERSION = 4.2;
				TARGETED_DEVICE_FAMILY = "1,2";
			};
			name = Release;
		};
/* End XCBuildConfiguration section */

/* Begin XCConfigurationList section */
		1059FA0D217EB58900CB90B9 /* Build configuration list for PBXProject "iOS-Features" */ = {
			isa = XCConfigurationList;
			buildConfigurations = (
				1059FA22217EB58A00CB90B9 /* Debug */,
				1059FA23217EB58A00CB90B9 /* Release */,
			);
			defaultConfigurationIsVisible = 0;
			defaultConfigurationName = Release;
		};
		1059FA24217EB58A00CB90B9 /* Build configuration list for PBXNativeTarget "iOS-Features" */ = {
			isa = XCConfigurationList;
			buildConfigurations = (
				1059FA25217EB58A00CB90B9 /* Debug */,
				1059FA26217EB58A00CB90B9 /* Release */,
			);
			defaultConfigurationIsVisible = 0;
			defaultConfigurationName = Release;
		};
/* End XCConfigurationList section */
	};
	rootObject = 1059FA0A217EB58900CB90B9 /* Project object */;
}
